{
  "lockfile_version": "1",
  "packages": {
    "bundler@latest": {
      "last_modified": "2023-07-25T23:32:12Z",
      "resolved": "github:NixOS/nixpkgs/a9b47d85504bdd199e90846622c76aa0bfeabfac#bundler",
      "source": "devbox-search",
      "version": "2.4.17"
    },
    "gcc@latest": {
      "last_modified": "2024-08-20T18:17:24Z",
      "resolved": "github:NixOS/nixpkgs/d13fa5a45a34e7c8be33474f58003914430bdc5a#gcc14",
      "source": "devbox-search",
      "version": "14.2.0",
      "systems": {
        "aarch64-darwin": {
          "outputs": [
            {
              "name": "out",
              "path": "/nix/store/1isp13qkjbfmwc3iwpaalbmff99jx2ss-gcc-wrapper-14.2.0",
              "default": true
            },
            {
              "name": "man",
              "path": "/nix/store/xpqdgdbz1la93j70dn6hyvvizcj4bvj1-gcc-wrapper-14.2.0-man",
              "default": true
            },
            {
              "name": "info",
              "path": "/nix/store/2296magwmhsl2i6lwv8yfdz8n9h133sp-gcc-wrapper-14.2.0-info"
            }
          ],
          "store_path": "/nix/store/1isp13qkjbfmwc3iwpaalbmff99jx2ss-gcc-wrapper-14.2.0"
        },
        "aarch64-linux": {
          "outputs": [
            {
              "name": "out",
              "path": "/nix/store/mnaajrkjs6qg4r83akwa48m4mqjsw623-gcc-wrapper-14.2.0",
              "default": true
            },
            {
              "name": "man",
              "path": "/nix/store/6jlj23h2dawdkmaspn7zhjjk90im44mk-gcc-wrapper-14.2.0-man",
              "default": true
            },
            {
              "name": "info",
              "path": "/nix/store/1jqflhhw4qnli5czwd5301idyz99yick-gcc-wrapper-14.2.0-info"
            }
          ],
          "store_path": "/nix/store/mnaajrkjs6qg4r83akwa48m4mqjsw623-gcc-wrapper-14.2.0"
        },
        "x86_64-darwin": {
          "outputs": [
            {
              "name": "out",
              "path": "/nix/store/5mgyccpq519mpw3sx9ywmkp4px9z1ivn-gcc-wrapper-14.2.0",
              "default": true
            },
            {
              "name": "man",
              "path": "/nix/store/ajh2rlvb3dkjfdqvws8gd1ppx39azqb1-gcc-wrapper-14.2.0-man",
              "default": true
            },
            {
              "name": "info",
              "path": "/nix/store/hhlbn2552py47x5n0f8jfh7j17f1fxpb-gcc-wrapper-14.2.0-info"
            }
          ],
          "store_path": "/nix/store/5mgyccpq519mpw3sx9ywmkp4px9z1ivn-gcc-wrapper-14.2.0"
        },
        "x86_64-linux": {
          "outputs": [
            {
              "name": "out",
              "path": "/nix/store/abjqnplaq64xfss8s71v1dnlgg316gc3-gcc-wrapper-14.2.0",
              "default": true
            },
            {
              "name": "man",
              "path": "/nix/store/vxljmd12c5n0ip0sd748k7h9in1nl9bi-gcc-wrapper-14.2.0-man",
              "default": true
            },
            {
              "name": "info",
              "path": "/nix/store/rv2villabhy3swnk2552nvkxdb3r48vi-gcc-wrapper-14.2.0-info"
            }
          ],
          "store_path": "/nix/store/abjqnplaq64xfss8s71v1dnlgg316gc3-gcc-wrapper-14.2.0"
        }
      }
    },
    "gnumake@latest": {
      "last_modified": "2024-08-20T18:17:24Z",
      "resolved": "github:NixOS/nixpkgs/d13fa5a45a34e7c8be33474f58003914430bdc5a#gnumake",
      "source": "devbox-search",
      "version": "4.4.1",
      "systems": {
        "aarch64-darwin": {
          "outputs": [
            {
              "name": "out",
              "path": "/nix/store/sz3m7krgqnb9cjd2qjd3grhls157sdwf-gnumake-4.4.1",
              "default": true
            },
            {
              "name": "man",
              "path": "/nix/store/6yi88bny7isqyr13vxnazy7ycg4m27zg-gnumake-4.4.1-man",
              "default": true
            },
            {
              "name": "info",
              "path": "/nix/store/qcwvg2pa29jrd227qmwjljncpzcp75gz-gnumake-4.4.1-info"
            }
          ],
          "store_path": "/nix/store/sz3m7krgqnb9cjd2qjd3grhls157sdwf-gnumake-4.4.1"
        },
        "aarch64-linux": {
          "outputs": [
            {
              "name": "out",
              "path": "/nix/store/zisc80m4vlwzvcl152fjyfprfdhnq1mc-gnumake-4.4.1",
              "default": true
            },
            {
              "name": "man",
              "path": "/nix/store/hqcwcnqi98k7npg5xqx88wzxf5fkcq6p-gnumake-4.4.1-man",
              "default": true
            },
            {
              "name": "debug",
              "path": "/nix/store/7x2v8w6s0sn2m9av2a8fd9rjpbdz2zhx-gnumake-4.4.1-debug"
            },
            {
              "name": "info",
              "path": "/nix/store/j30jfdwlzd32hbr38s4r1649dv3mfznc-gnumake-4.4.1-info"
            }
          ],
          "store_path": "/nix/store/zisc80m4vlwzvcl152fjyfprfdhnq1mc-gnumake-4.4.1"
        },
        "x86_64-darwin": {
          "outputs": [
            {
              "name": "out",
              "path": "/nix/store/smp8k999pchxy2igjmgp4xsa5p26zlic-gnumake-4.4.1",
              "default": true
            },
            {
              "name": "man",
              "path": "/nix/store/xil73ibrmx0l3wwgm0bzjncraywxbp5c-gnumake-4.4.1-man",
              "default": true
            },
            {
              "name": "info",
              "path": "/nix/store/0gv1wsnadpg2m1m5igz1wjagif7m8fzv-gnumake-4.4.1-info"
            }
          ],
          "store_path": "/nix/store/smp8k999pchxy2igjmgp4xsa5p26zlic-gnumake-4.4.1"
        },
        "x86_64-linux": {
          "outputs": [
            {
              "name": "out",
              "path": "/nix/store/z4g38z9kx48234vrgnqxkijk0bmm9jm5-gnumake-4.4.1",
              "default": true
            },
            {
              "name": "man",
              "path": "/nix/store/2hkypijajcr9nn20b3fkizz419b6fnc0-gnumake-4.4.1-man",
              "default": true
            },
            {
              "name": "debug",
              "path": "/nix/store/ld4s0g2gwckka2851azkv9fqw2bwqpil-gnumake-4.4.1-debug"
            },
            {
              "name": "info",
              "path": "/nix/store/zmicx4r6043zxcqxzrrzm7b429hhdyp5-gnumake-4.4.1-info"
            }
          ],
          "store_path": "/nix/store/z4g38z9kx48234vrgnqxkijk0bmm9jm5-gnumake-4.4.1"
        }
      }
    },
    "nodejs-19_x@latest": {
      "last_modified": "2023-03-31T22:52:29Z",
      "resolved": "github:NixOS/nixpkgs/242246ee1e58f54d2322227fc5eef53b4a616a31#nodejs-19_x",
      "source": "devbox-search",
      "version": "19.8.1"
    },
    "pkg-config@latest": {
      "last_modified": "2024-08-14T11:41:26Z",
      "resolved": "github:NixOS/nixpkgs/0cb2fd7c59fed0cd82ef858cbcbdb552b9a33465#pkg-config",
      "source": "devbox-search",
      "version": "0.29.2",
      "systems": {
        "aarch64-darwin": {
          "outputs": [
            {
              "name": "out",
              "path": "/nix/store/r6xx785mlgyqwzgb34wx103xsb7k01q3-pkg-config-wrapper-0.29.2",
              "default": true
            },
            {
              "name": "man",
              "path": "/nix/store/7072gja0xwm7j1hcszp4hvfmi3a6ildy-pkg-config-wrapper-0.29.2-man",
              "default": true
            },
            {
              "name": "doc",
              "path": "/nix/store/xcs7yv6dpw4qb53a18s99d47x69v2g14-pkg-config-wrapper-0.29.2-doc"
            }
          ],
          "store_path": "/nix/store/r6xx785mlgyqwzgb34wx103xsb7k01q3-pkg-config-wrapper-0.29.2"
        },
        "aarch64-linux": {
          "outputs": [
            {
              "name": "out",
              "path": "/nix/store/p1clqs45xfjknc3pcmlc0c4cxyq6cn6y-pkg-config-wrapper-0.29.2",
              "default": true
            },
            {
              "name": "man",
              "path": "/nix/store/a360vfw1r2rm4af48arcm25hszk4djd8-pkg-config-wrapper-0.29.2-man",
              "default": true
            },
            {
              "name": "doc",
              "path": "/nix/store/56ln7ivsbjsfmm7mbd70gp6c6y95a4l8-pkg-config-wrapper-0.29.2-doc"
            }
          ],
          "store_path": "/nix/store/p1clqs45xfjknc3pcmlc0c4cxyq6cn6y-pkg-config-wrapper-0.29.2"
        },
        "x86_64-darwin": {
          "outputs": [
            {
              "name": "out",
              "path": "/nix/store/j6m8g36w0im5jbzi506lfyr739xl9pc3-pkg-config-wrapper-0.29.2",
              "default": true
            },
            {
              "name": "man",
              "path": "/nix/store/76spnswzy2c8mgnda8qwwkiml1lilrkl-pkg-config-wrapper-0.29.2-man",
              "default": true
            },
            {
              "name": "doc",
              "path": "/nix/store/2hs1m46mfmjvm8pvw18ivl2pq3iga0p5-pkg-config-wrapper-0.29.2-doc"
            }
          ],
          "store_path": "/nix/store/j6m8g36w0im5jbzi506lfyr739xl9pc3-pkg-config-wrapper-0.29.2"
        },
        "x86_64-linux": {
          "outputs": [
            {
              "name": "out",
              "path": "/nix/store/blb1ci2nwrmgzb3g1xl4mvqpwkhm3s3b-pkg-config-wrapper-0.29.2",
              "default": true
            },
            {
              "name": "man",
              "path": "/nix/store/0f76i8j392i9icmc9gqlngfbjq2ll2z4-pkg-config-wrapper-0.29.2-man",
              "default": true
            },
            {
              "name": "doc",
              "path": "/nix/store/9c9p179b41li306zylldbpkx5686asp2-pkg-config-wrapper-0.29.2-doc"
            }
          ],
          "store_path": "/nix/store/blb1ci2nwrmgzb3g1xl4mvqpwkhm3s3b-pkg-config-wrapper-0.29.2"
        }
      }
    },
    "ruby_3_1@latest": {
      "last_modified": "2024-05-01T20:12:28Z",
      "plugin_version": "0.0.2",
      "resolved": "github:NixOS/nixpkgs/1c74cc292b61614e74c1cf0d372f79d57fb4936b#ruby",
      "source": "devbox-search",
      "version": "3.1.4",
      "systems": {
        "aarch64-darwin": {
          "outputs": [
            {
              "name": "out",
              "path": "/nix/store/vzijiv6bsrxmwfdmsrbz2zky9a02w2x5-ruby-3.1.4",
              "default": true
            },
            {
              "name": "devdoc",
              "path": "/nix/store/bj3s0vyik3a93m141macjp1br758sj4f-ruby-3.1.4-devdoc"
            }
          ],
          "store_path": "/nix/store/vzijiv6bsrxmwfdmsrbz2zky9a02w2x5-ruby-3.1.4"
        },
        "aarch64-linux": {
          "outputs": [
            {
              "name": "out",
              "path": "/nix/store/bizwxx0fy9hlibz1819r6w7h6nbzc1yf-ruby-3.1.4",
              "default": true
            },
            {
              "name": "devdoc",
              "path": "/nix/store/13d1f992zwin1awlmw36imyhcsfbaz3j-ruby-3.1.4-devdoc"
            }
          ],
          "store_path": "/nix/store/bizwxx0fy9hlibz1819r6w7h6nbzc1yf-ruby-3.1.4"
        },
        "x86_64-darwin": {
          "outputs": [
            {
              "name": "out",
              "path": "/nix/store/bma6wprrhmqfklql6k30400f3145nnav-ruby-3.1.4",
              "default": true
            },
            {
              "name": "devdoc",
              "path": "/nix/store/aaqkk4nrwydz1ap4sk1sfilysxr6fv8m-ruby-3.1.4-devdoc"
            }
          ],
          "store_path": "/nix/store/bma6wprrhmqfklql6k30400f3145nnav-ruby-3.1.4"
        },
        "x86_64-linux": {
          "outputs": [
            {
              "name": "out",
              "path": "/nix/store/9sx35aw3w8a76k7l5gb2fc5i90b24366-ruby-3.1.4",
              "default": true
            },
            {
              "name": "devdoc",
              "path": "/nix/store/n0d8v8vxgd05s8pyg8d91psjxrp27m1s-ruby-3.1.4-devdoc"
            }
          ],
          "store_path": "/nix/store/9sx35aw3w8a76k7l5gb2fc5i90b24366-ruby-3.1.4"
        }
      }
    },
    "yarn@latest": {
      "last_modified": "2023-05-07T06:59:10Z",
      "resolved": "github:NixOS/nixpkgs/eb751d65225ec53de9cf3d88acbf08d275882389#yarn",
      "source": "devbox-search",
      "version": "1.22.19"
    }
  }
}
